{
  "name": "cooke-rpc-react",
  "version": "1.0.10",
  "lockfileVersion": 3,
  "requires": true,
  "packages": {
    "": {
      "name": "cooke-rpc-react",
      "version": "1.0.10",
      "license": "MIT",
      "dependencies": {
        "cooke-rpc": "^1.0.8"
      },
      "devDependencies": {
        "@types/react": "^18",
        "typescript": "^5"
      },
      "peerDependencies": {
        "react": "^17 || ^18"
      }
    },
    "../js-client": {
      "name": "cooke-rpc",
      "version": "1.0.8",
      "license": "MIT",
      "devDependencies": {
        "typescript": "^5.3.3"
      }
    },
    "../js-client/node_modules/typescript": {
      "version": "5.3.3",
      "dev": true,
      "license": "Apache-2.0",
      "bin": {
        "tsc": "bin/tsc",
        "tsserver": "bin/tsserver"
      },
      "engines": {
        "node": ">=14.17"
      }
    },
    "node_modules/@types/prop-types": {
      "version": "15.7.3",
      "resolved": "https://registry.npmjs.org/@types/prop-types/-/prop-types-15.7.3.tgz",
      "integrity": "sha512-KfRL3PuHmqQLOG+2tGpRO26Ctg+Cq1E01D2DMriKEATHgWLfeNDmq9e29Q9WIky0dQ3NPkd1mzYH8Lm936Z9qw==",
      "dev": true,
      "license": "MIT"
    },
    "node_modules/@types/react": {
      "version": "18.2.45",
      "resolved": "https://registry.npmjs.org/@types/react/-/react-18.2.45.tgz",
      "integrity": "sha512-TtAxCNrlrBp8GoeEp1npd5g+d/OejJHFxS3OWmrPBMFaVQMSN0OFySozJio5BHxTuTeug00AVXVAjfDSfk+lUg==",
      "dev": true,
      "dependencies": {
        "@types/prop-types": "*",
        "@types/scheduler": "*",
        "csstype": "^3.0.2"
      }
    },
    "node_modules/@types/scheduler": {
      "version": "0.16.8",
      "resolved": "https://registry.npmjs.org/@types/scheduler/-/scheduler-0.16.8.tgz",
      "integrity": "sha512-WZLiwShhwLRmeV6zH+GkbOFT6Z6VklCItrDioxUnv+u4Ll+8vKeFySoFyK/0ctcRpOmwAicELfmys1sDc/Rw+A==",
      "dev": true
    },
    "node_modules/cooke-rpc": {
      "resolved": "../js-client",
      "link": true
    },
    "node_modules/csstype": {
      "version": "3.0.5",
      "resolved": "https://registry.npmjs.org/csstype/-/csstype-3.0.5.tgz",
      "integrity": "sha512-uVDi8LpBUKQj6sdxNaTetL6FpeCqTjOvAQuQUa/qAqq8oOd4ivkbhgnqayl0dnPal8Tb/yB1tF+gOvCBiicaiQ==",
      "dev": true,
      "license": "MIT"
    },
    "node_modules/js-tokens": {
      "version": "4.0.0",
      "resolved": "https://registry.npmjs.org/js-tokens/-/js-tokens-4.0.0.tgz",
      "integrity": "sha512-RdJUflcE3cUzKiMqQgsCu06FPu9UdIJO0beYbPhHN4k6apgJtifcoCtT9bcxOpYBtpD2kCM6Sbzg4CausW/PKQ==",
      "peer": true
    },
    "node_modules/loose-envify": {
      "version": "1.4.0",
      "resolved": "https://registry.npmjs.org/loose-envify/-/loose-envify-1.4.0.tgz",
      "integrity": "sha512-lyuxPGr/Wfhrlem2CL/UcnUc1zcqKAImBDzukY7Y5F/yQiNdko6+fRLevlw1HgMySw7f611UIY408EtxRSoK3Q==",
      "peer": true,
      "dependencies": {
        "js-tokens": "^3.0.0 || ^4.0.0"
      },
      "bin": {
        "loose-envify": "cli.js"
      }
    },
    "node_modules/react": {
      "version": "18.2.0",
      "resolved": "https://registry.npmjs.org/react/-/react-18.2.0.tgz",
      "integrity": "sha512-/3IjMdb2L9QbBdWiW5e3P2/npwMBaU9mHCSCUzNln0ZCYbcfTsGbTJrU/kGemdH2IWmB2ioZ+zkxtmq6g09fGQ==",
      "peer": true,
      "dependencies": {
        "loose-envify": "^1.1.0"
      },
      "engines": {
        "node": ">=0.10.0"
      }
    },
    "node_modules/typescript": {
      "version": "5.3.3",
      "resolved": "https://registry.npmjs.org/typescript/-/typescript-5.3.3.tgz",
      "integrity": "sha512-pXWcraxM0uxAS+tN0AG/BF2TyqmHO014Z070UsJ+pFvYuRSq8KH8DmWpnbXe0pEPDHXZV3FcAbJkijJ5oNEnWw==",
      "dev": true,
      "bin": {
        "tsc": "bin/tsc",
        "tsserver": "bin/tsserver"
      },
      "engines": {
        "node": ">=14.17"
      }
    }
  }
}
